Microsoft Visual Studio Solution File, Format Version 12.00
# Visual Studio Version 17
VisualStudioVersion = 17.5.2.0
MinimumVisualStudioVersion = 10.0.40219.1
Project("{FAE04EC0-301F-11D3-BF4B-00C04F79EFBC}") = "CitiWatch", "CitiWatch.csproj", "{D4FE02EA-48B0-B46C-DE54-CC8211475261}"
EndProject
Global
	GlobalSection(SolutionConfigurationPlatforms) = preSolution
		Debug|Any CPU = Debug|Any CPU
		Release|Any CPU = Release|Any CPU
	EndGlobalSection
	GlobalSection(ProjectConfigurationPlatforms) = postSolution
		{D4FE02EA-48B0-B46C-DE54-CC8211475261}.Debug|Any CPU.ActiveCfg = Debug|Any CPU
		{D4FE02EA-48B0-B46C-DE54-CC8211475261}.Debug|Any CPU.Build.0 = Debug|Any CPU
		{D4FE02EA-48B0-B46C-DE54-CC8211475261}.Release|Any CPU.ActiveCfg = Release|Any CPU
		{D4FE02EA-48B0-B46C-DE54-CC8211475261}.Release|Any CPU.Build.0 = Release|Any CPU
	EndGlobalSection
	GlobalSection(SolutionProperties) = preSolution
		HideSolutionNode = FALSE
	EndGlobalSection
	GlobalSection(ExtensibilityGlobals) = postSolution
		SolutionGuid = {D208036F-175C-432A-9674-AE8E4E36BB5A}
	EndGlobalSection
EndGlobal
